
Microsoft Visual Studio Solution File, Format Version 12.00
# Visual Studio Version 18
VisualStudioVersion = 18.1.11312.151 d18.0
MinimumVisualStudioVersion = 10.0.40219.1
Project("{FAE04EC0-301F-11D3-BF4B-00C04F79EFBC}") = "HRMSystem", "HRMSystem.csproj", "{F80BB69C-3C5D-65B1-2A7D-ED8F9FBCDCE1}"
EndProject
Global
	GlobalSection(SolutionConfigurationPlatforms) = preSolution
		Debug|Any CPU = Debug|Any CPU
		Release|Any CPU = Release|Any CPU
	EndGlobalSection
	GlobalSection(ProjectConfigurationPlatforms) = postSolution
		{F80BB69C-3C5D-65B1-2A7D-ED8F9FBCDCE1}.Debug|Any CPU.ActiveCfg = Debug|Any CPU
		{F80BB69C-3C5D-65B1-2A7D-ED8F9FBCDCE1}.Debug|Any CPU.Build.0 = Debug|Any CPU
		{F80BB69C-3C5D-65B1-2A7D-ED8F9FBCDCE1}.Release|Any CPU.ActiveCfg = Release|Any CPU
		{F80BB69C-3C5D-65B1-2A7D-ED8F9FBCDCE1}.Release|Any CPU.Build.0 = Release|Any CPU
	EndGlobalSection
	GlobalSection(SolutionProperties) = preSolution
		HideSolutionNode = FALSE
	EndGlobalSection
	GlobalSection(ExtensibilityGlobals) = postSolution
		SolutionGuid = {7FDE4BB1-E192-42FB-88D6-5ECA99D77E8D}
	EndGlobalSection
EndGlobal
